
Microsoft Visual Studio Solution File, Format Version 12.00
# Visual Studio Express 2012 for Windows Desktop
Project("{8BC9CEB8-8B4A-11D0-8D11-00A0C91BC942}") = "drawTest", "drawTest.vcxproj", "{AC450F95-FB27-481C-9443-5E4DEB91F9AF}"
EndProject
Global
	GlobalSection(SolutionConfigurationPlatforms) = preSolution
		Debug|Win32 = Debug|Win32
		Release|Win32 = Release|Win32
	EndGlobalSection
	GlobalSection(ProjectConfigurationPlatforms) = postSolution
		{AC450F95-FB27-481C-9443-5E4DEB91F9AF}.Debug|Win32.ActiveCfg = Debug|Win32
		{AC450F95-FB27-481C-9443-5E4DEB91F9AF}.Debug|Win32.Build.0 = Debug|Win32
		{AC450F95-FB27-481C-9443-5E4DEB91F9AF}.Release|Win32.ActiveCfg = Release|Win32
		{AC450F95-FB27-481C-9443-5E4DEB91F9AF}.Release|Win32.Build.0 = Release|Win32
	EndGlobalSection
	GlobalSection(SolutionProperties) = preSolution
		HideSolutionNode = FALSE
	EndGlobalSection
EndGlobal
